
Microsoft Visual Studio Solution File, Format Version 12.00
# Visual Studio Version 16
VisualStudioVersion = 16.0.31911.196
MinimumVisualStudioVersion = 10.0.40219.1
Project("{FAE04EC0-301F-11D3-BF4B-00C04F79EFBC}") = "PastryShop", "PastryShop\PastryShop.csproj", "{0662875A-2C22-4A82-ABBB-4B86974BFFD5}"
EndProject
Global
	GlobalSection(SolutionConfigurationPlatforms) = preSolution
		Debug|Any CPU = Debug|Any CPU
		Release|Any CPU = Release|Any CPU
	EndGlobalSection
	GlobalSection(ProjectConfigurationPlatforms) = postSolution
		{0662875A-2C22-4A82-ABBB-4B86974BFFD5}.Debug|Any CPU.ActiveCfg = Debug|Any CPU
		{0662875A-2C22-4A82-ABBB-4B86974BFFD5}.Debug|Any CPU.Build.0 = Debug|Any CPU
		{0662875A-2C22-4A82-ABBB-4B86974BFFD5}.Release|Any CPU.ActiveCfg = Release|Any CPU
		{0662875A-2C22-4A82-ABBB-4B86974BFFD5}.Release|Any CPU.Build.0 = Release|Any CPU
	EndGlobalSection
	GlobalSection(SolutionProperties) = preSolution
		HideSolutionNode = FALSE
	EndGlobalSection
	GlobalSection(ExtensibilityGlobals) = postSolution
		SolutionGuid = {62137141-73D1-4494-9BEA-23022AF60518}
	EndGlobalSection
EndGlobal
